PODS:
  - TwilioVideo (4.6.2)
  - VisitIosHealthSdk (0.3.1):
    - TwilioVideo (~> 4.4)

DEPENDENCIES:
  - VisitIosHealthSdk (from `../`)

SPEC REPOS:
  trunk:
    - TwilioVideo

EXTERNAL SOURCES:
  VisitIosHealthSdk:
    :path: "../"

SPEC CHECKSUMS:
  TwilioVideo: f8c75425bce3f41912bb24352154b0502d89a9b3
  VisitIosHealthSdk: 07197d641fb48d60e16c97be17c433299c0d8da0

PODFILE CHECKSUM: 8babd99adb893d52b7249551c29242f6307ae8ad

COCOAPODS: 1.11.3
