PODS:
  - VisitIosHealthSdk (0.1.0)

DEPENDENCIES:
  - VisitIosHealthSdk (from `../`)

EXTERNAL SOURCES:
  VisitIosHealthSdk:
    :path: "../"

SPEC CHECKSUMS:
  VisitIosHealthSdk: 09281208dd05e6462ce7a09f12aa2813376cb064

PODFILE CHECKSUM: d7c9bbebd902fff0ba98dcdf0e27c04921f1d169

COCOAPODS: 1.11.2
